schema: '2.0'
stages:
  extract:
    cmd: python src/extract_data/extract_data.py
    deps:
    - path: config.yaml
      hash: md5
      md5: 686ddd3a59f917b5fd76899b8dc6f787
      size: 823
    - path: src/extract_data/extract_data.py
      hash: md5
      md5: f94a156949fd4887828f8cee596e36e4
      size: 4516
    outs:
    - path: data/raw/accidents_2023.csv
      hash: md5
      md5: 9ae4ea93d9bb1c46c8b4e55682f6c0ee
      size: 3486476
  prepare:
    cmd: python src/prepare_data/prepare_data.py
    deps:
    - path: config.yaml
      hash: md5
      md5: 686ddd3a59f917b5fd76899b8dc6f787
      size: 823
    - path: data/raw/accidents_2023.csv
      hash: md5
      md5: 9ae4ea93d9bb1c46c8b4e55682f6c0ee
      size: 3486476
    - path: data/raw/accidents_2023_synthet.csv
      hash: md5
      md5: fd1431adc94902557ee14283543f7f26
      size: 3547233
    - path: src/prepare_data/prepare_data.py
      hash: md5
      md5: a2af0edc13d1c301db60a4bebf5f8651
      size: 3789
    outs:
    - path: data/processed/prepared_accidents_2023.csv
      hash: md5
      md5: c0be6f7b9f5792b1c57b5f7d0650d5c5
      size: 12567778
  models:
    cmd: python src/train_model/train_model.py
    deps:
    - path: config.yaml
      hash: md5
      md5: 8274ae63a5818d0742e478d08eaf51c6
      size: 935
    - path: data/processed/prepared_accidents_2023.csv
      hash: md5
      md5: 3e3df05e74ab37c003a2fe9754aae42c
      size: 94708611
    - path: src/train_model/train_model.py
      hash: md5
      md5: d9ecb6bac6f07db11c3bf427b016bb93
      size: 23151
    outs:
    - path: models/rf_model_2023.joblib
      hash: md5
      md5: 45de20cd04346cbfbc50bc57e69596f5
      size: 7476889
  synthet:
    cmd: python src/synthet_data/synthet_data.py
    deps:
    - path: config.yaml
      hash: md5
      md5: 686ddd3a59f917b5fd76899b8dc6f787
      size: 823
    - path: data/raw/accidents_2023.csv
      hash: md5
      md5: 9ae4ea93d9bb1c46c8b4e55682f6c0ee
      size: 3486476
    - path: src/synthet_data/synthet_data.py
      hash: md5
      md5: 0728331d0b70e89fcfd729e1ff6bd556
      size: 4061
    outs:
    - path: data/raw/accidents_2023_synthet.csv
      hash: md5
      md5: fd1431adc94902557ee14283543f7f26
      size: 3547233
  train:
    cmd: python src/train_model/train_model.py
    deps:
    - path: config.yaml
      hash: md5
      md5: 686ddd3a59f917b5fd76899b8dc6f787
      size: 823
    - path: data/processed/prepared_accidents_2023.csv
      hash: md5
      md5: 885ce4fab31fc25e6f7990ba4916607f
      size: 12548694
    - path: src/train_model/train_model.py
      hash: md5
      md5: 3cf24ff2264853453580a259339c85cf
      size: 24683
    outs:
    - path: models/rf_model_2023.joblib
      hash: md5
      md5: 58885bc1f9bbb5a4a606b65646ea7e98
      size: 35011449
